{
    "_readme": [
        "This file locks the dependencies of your project to a known state",
        "Read more about it at https://getcomposer.org/doc/01-basic-usage.md#installing-dependencies",
        "This file is @generated automatically"
    ],
    "content-hash": "9fa0cb405e843de9d3ac17250c402bfe",
    "packages": [
        {
            "name": "neomerx/cors-psr7",
            "version": "3.0.2",
            "source": {
                "type": "git",
                "url": "https://github.com/neomerx/cors-psr7.git",
                "reference": "515d7fdb60b9d475da70029d4e5662beaae1875f"
            },
            "dist": {
                "type": "zip",
                "url": "https://api.github.com/repos/neomerx/cors-psr7/zipball/515d7fdb60b9d475da70029d4e5662beaae1875f",
                "reference": "515d7fdb60b9d475da70029d4e5662beaae1875f",
                "shasum": ""
            },
            "require": {
                "php": ">=8.0.0",
                "psr/http-message": "^1.0",
                "psr/log": "^3.0"
            },
            "require-dev": {
                "friendsofphp/php-cs-fixer": "^3.11",
                "mockery/mockery": "^1.0",
                "phpunit/phpunit": "^9.2",
                "scrutinizer/ocular": "^1.4",
                "squizlabs/php_codesniffer": "^3.0"
            },
            "type": "library",
            "autoload": {
                "psr-4": {
                    "Neomerx\\Cors\\": "src/"
                }
            },
            "notification-url": "https://packagist.org/downloads/",
            "license": [
                "Apache-2.0"
            ],
            "authors": [
                {
                    "name": "neomerx",
                    "email": "info@neomerx.com"
                }
            ],
            "description": "Framework agnostic (PSR-7) CORS implementation (www.w3.org/TR/cors/)",
            "homepage": "https://github.com/neomerx/cors-psr7",
            "keywords": [
                "Cross Origin Resource Sharing",
                "Cross-Origin Resource Sharing",
                "cors",
                "neomerx",
                "psr-7",
                "psr7",
                "w3.org",
                "www.w3.org"
            ],
            "support": {
                "issues": "https://github.com/neomerx/cors-psr7/issues",
                "source": "https://github.com/neomerx/cors-psr7/tree/3.0.2"
            },
            "time": "2022-11-28T03:29:06+00:00"
        },
        {
            "name": "psr/http-factory",
            "version": "1.0.2",
            "source": {
                "type": "git",
                "url": "https://github.com/php-fig/http-factory.git",
                "reference": "e616d01114759c4c489f93b099585439f795fe35"
            },
            "dist": {
                "type": "zip",
                "url": "https://api.github.com/repos/php-fig/http-factory/zipball/e616d01114759c4c489f93b099585439f795fe35",
                "reference": "e616d01114759c4c489f93b099585439f795fe35",
                "shasum": ""
            },
            "require": {
                "php": ">=7.0.0",
                "psr/http-message": "^1.0 || ^2.0"
            },
            "type": "library",
            "extra": {
                "branch-alias": {
                    "dev-master": "1.0.x-dev"
                }
            },
            "autoload": {
                "psr-4": {
                    "Psr\\Http\\Message\\": "src/"
                }
            },
            "notification-url": "https://packagist.org/downloads/",
            "license": [
                "MIT"
            ],
            "authors": [
                {
                    "name": "PHP-FIG",
                    "homepage": "https://www.php-fig.org/"
                }
            ],
            "description": "Common interfaces for PSR-7 HTTP message factories",
            "keywords": [
                "factory",
                "http",
                "message",
                "psr",
                "psr-17",
                "psr-7",
                "request",
                "response"
            ],
            "support": {
                "source": "https://github.com/php-fig/http-factory/tree/1.0.2"
            },
            "time": "2023-04-10T20:10:41+00:00"
        },
        {
            "name": "psr/http-message",
            "version": "1.1",
            "source": {
                "type": "git",
                "url": "https://github.com/php-fig/http-message.git",
                "reference": "cb6ce4845ce34a8ad9e68117c10ee90a29919eba"
            },
            "dist": {
                "type": "zip",
                "url": "https://api.github.com/repos/php-fig/http-message/zipball/cb6ce4845ce34a8ad9e68117c10ee90a29919eba",
                "reference": "cb6ce4845ce34a8ad9e68117c10ee90a29919eba",
                "shasum": ""
            },
            "require": {
                "php": "^7.2 || ^8.0"
            },
            "type": "library",
            "extra": {
                "branch-alias": {
                    "dev-master": "1.1.x-dev"
                }
            },
            "autoload": {
                "psr-4": {
                    "Psr\\Http\\Message\\": "src/"
                }
            },
            "notification-url": "https://packagist.org/downloads/",
            "license": [
                "MIT"
            ],
            "authors": [
                {
                    "name": "PHP-FIG",
                    "homepage": "http://www.php-fig.org/"
                }
            ],
            "description": "Common interface for HTTP messages",
            "homepage": "https://github.com/php-fig/http-message",
            "keywords": [
                "http",
                "http-message",
                "psr",
                "psr-7",
                "request",
                "response"
            ],
            "support": {
                "source": "https://github.com/php-fig/http-message/tree/1.1"
            },
            "time": "2023-04-04T09:50:52+00:00"
        },
        {
            "name": "psr/http-server-handler",
            "version": "1.0.2",
            "source": {
                "type": "git",
                "url": "https://github.com/php-fig/http-server-handler.git",
                "reference": "84c4fb66179be4caaf8e97bd239203245302e7d4"
            },
            "dist": {
                "type": "zip",
                "url": "https://api.github.com/repos/php-fig/http-server-handler/zipball/84c4fb66179be4caaf8e97bd239203245302e7d4",
                "reference": "84c4fb66179be4caaf8e97bd239203245302e7d4",
                "shasum": ""
            },
            "require": {
                "php": ">=7.0",
                "psr/http-message": "^1.0 || ^2.0"
            },
            "type": "library",
            "extra": {
                "branch-alias": {
                    "dev-master": "1.0.x-dev"
                }
            },
            "autoload": {
                "psr-4": {
                    "Psr\\Http\\Server\\": "src/"
                }
            },
            "notification-url": "https://packagist.org/downloads/",
            "license": [
                "MIT"
            ],
            "authors": [
                {
                    "name": "PHP-FIG",
                    "homepage": "https://www.php-fig.org/"
                }
            ],
            "description": "Common interface for HTTP server-side request handler",
            "keywords": [
                "handler",
                "http",
                "http-interop",
                "psr",
                "psr-15",
                "psr-7",
                "request",
                "response",
                "server"
            ],
            "support": {
                "source": "https://github.com/php-fig/http-server-handler/tree/1.0.2"
            },
            "time": "2023-04-10T20:06:20+00:00"
        },
        {
            "name": "psr/http-server-middleware",
            "version": "1.0.2",
            "source": {
                "type": "git",
                "url": "https://github.com/php-fig/http-server-middleware.git",
                "reference": "c1481f747daaa6a0782775cd6a8c26a1bf4a3829"
            },
            "dist": {
                "type": "zip",
                "url": "https://api.github.com/repos/php-fig/http-server-middleware/zipball/c1481f747daaa6a0782775cd6a8c26a1bf4a3829",
                "reference": "c1481f747daaa6a0782775cd6a8c26a1bf4a3829",
                "shasum": ""
            },
            "require": {
                "php": ">=7.0",
                "psr/http-message": "^1.0 || ^2.0",
                "psr/http-server-handler": "^1.0"
            },
            "type": "library",
            "extra": {
                "branch-alias": {
                    "dev-master": "1.0.x-dev"
                }
            },
            "autoload": {
                "psr-4": {
                    "Psr\\Http\\Server\\": "src/"
                }
            },
            "notification-url": "https://packagist.org/downloads/",
            "license": [
                "MIT"
            ],
            "authors": [
                {
                    "name": "PHP-FIG",
                    "homepage": "https://www.php-fig.org/"
                }
            ],
            "description": "Common interface for HTTP server-side middleware",
            "keywords": [
                "http",
                "http-interop",
                "middleware",
                "psr",
                "psr-15",
                "psr-7",
                "request",
                "response"
            ],
            "support": {
                "issues": "https://github.com/php-fig/http-server-middleware/issues",
                "source": "https://github.com/php-fig/http-server-middleware/tree/1.0.2"
            },
            "time": "2023-04-11T06:14:47+00:00"
        },
        {
            "name": "psr/log",
            "version": "3.0.0",
            "source": {
                "type": "git",
                "url": "https://github.com/php-fig/log.git",
                "reference": "fe5ea303b0887d5caefd3d431c3e61ad47037001"
            },
            "dist": {
                "type": "zip",
                "url": "https://api.github.com/repos/php-fig/log/zipball/fe5ea303b0887d5caefd3d431c3e61ad47037001",
                "reference": "fe5ea303b0887d5caefd3d431c3e61ad47037001",
                "shasum": ""
            },
            "require": {
                "php": ">=8.0.0"
            },
            "type": "library",
            "extra": {
                "branch-alias": {
                    "dev-master": "3.x-dev"
                }
            },
            "autoload": {
                "psr-4": {
                    "Psr\\Log\\": "src"
                }
            },
            "notification-url": "https://packagist.org/downloads/",
            "license": [
                "MIT"
            ],
            "authors": [
                {
                    "name": "PHP-FIG",
                    "homepage": "https://www.php-fig.org/"
                }
            ],
            "description": "Common interface for logging libraries",
            "homepage": "https://github.com/php-fig/log",
            "keywords": [
                "log",
                "psr",
                "psr-3"
            ],
            "support": {
                "source": "https://github.com/php-fig/log/tree/3.0.0"
            },
            "time": "2021-07-14T16:46:02+00:00"
        },
        {
            "name": "tuupola/callable-handler",
            "version": "1.1.0",
            "source": {
                "type": "git",
                "url": "https://github.com/tuupola/callable-handler.git",
                "reference": "0bc7b88630ca753de9aba8f411046856f5ca6f8c"
            },
            "dist": {
                "type": "zip",
                "url": "https://api.github.com/repos/tuupola/callable-handler/zipball/0bc7b88630ca753de9aba8f411046856f5ca6f8c",
                "reference": "0bc7b88630ca753de9aba8f411046856f5ca6f8c",
                "shasum": ""
            },
            "require": {
                "php": "^7.1|^8.0",
                "psr/http-server-middleware": "^1.0"
            },
            "require-dev": {
                "overtrue/phplint": "^1.0",
                "phpunit/phpunit": "^7.0|^8.0|^9.0",
                "squizlabs/php_codesniffer": "^3.2",
                "tuupola/http-factory": "^0.4.0|^1.0",
                "zendframework/zend-diactoros": "^1.6.0|^2.0"
            },
            "type": "library",
            "autoload": {
                "psr-4": {
                    "Tuupola\\Middleware\\": "src"
                }
            },
            "notification-url": "https://packagist.org/downloads/",
            "license": [
                "MIT"
            ],
            "authors": [
                {
                    "name": "Mika Tuupola",
                    "email": "tuupola@appelsiini.net",
                    "homepage": "https://appelsiini.net/",
                    "role": "Developer"
                }
            ],
            "description": "Compatibility layer for PSR-7 double pass and PSR-15 middlewares.",
            "homepage": "https://github.com/tuupola/callable-handler",
            "keywords": [
                "middleware",
                "psr-15",
                "psr-7"
            ],
            "support": {
                "issues": "https://github.com/tuupola/callable-handler/issues",
                "source": "https://github.com/tuupola/callable-handler/tree/1.1.0"
            },
            "funding": [
                {
                    "url": "https://github.com/tuupola",
                    "type": "github"
                }
            ],
            "time": "2020-09-09T08:31:54+00:00"
        },
        {
            "name": "tuupola/cors-middleware",
            "version": "1.4.3",
            "source": {
                "type": "git",
                "url": "https://github.com/tuupola/cors-middleware.git",
                "reference": "8fd7674f4c1910203685765f2e26ecdde57a25ab"
            },
            "dist": {
                "type": "zip",
                "url": "https://api.github.com/repos/tuupola/cors-middleware/zipball/8fd7674f4c1910203685765f2e26ecdde57a25ab",
                "reference": "8fd7674f4c1910203685765f2e26ecdde57a25ab",
                "shasum": ""
            },
            "require": {
                "neomerx/cors-psr7": "^2.0|^3.0",
                "php": "^7.2|^8.0",
                "psr/http-message": "^1.0.1",
                "psr/http-server-middleware": "^1.0",
                "tuupola/callable-handler": "^1.0",
                "tuupola/http-factory": "^1.0.2"
            },
            "require-dev": {
                "equip/dispatch": "^2.0",
                "nyholm/psr7": "^1.5",
                "overtrue/phplint": "^3.0",
                "phpstan/phpstan": "^1.8",
                "phpstan/phpstan-strict-rules": "^1.4",
                "phpunit/phpunit": "^7.0|^8.0|^9.0",
                "rector/rector": "^0.14.0",
                "symplify/easy-coding-standard": "^11.1"
            },
            "type": "library",
            "autoload": {
                "psr-4": {
                    "Tuupola\\Middleware\\": "src"
                }
            },
            "notification-url": "https://packagist.org/downloads/",
            "license": [
                "MIT"
            ],
            "authors": [
                {
                    "name": "Mika Tuupola",
                    "email": "tuupola@appelsiini.net",
                    "homepage": "https://appelsiini.net/",
                    "role": "Developer"
                }
            ],
            "description": "PSR-7 and PSR-15 CORS middleware",
            "homepage": "https://github.com/tuupola/cors-middleware",
            "keywords": [
                "cors",
                "middleware",
                "psr-15",
                "psr-7"
            ],
            "support": {
                "issues": "https://github.com/tuupola/cors-middleware/issues",
                "source": "https://github.com/tuupola/cors-middleware/tree/1.4.3"
            },
            "funding": [
                {
                    "url": "https://github.com/tuupola",
                    "type": "github"
                }
            ],
            "time": "2022-10-11T11:29:25+00:00"
        },
        {
            "name": "tuupola/http-factory",
            "version": "1.4.0",
            "source": {
                "type": "git",
                "url": "https://github.com/tuupola/http-factory.git",
                "reference": "ae3f8fbdd31cf2f1bbe920b38963c5e4d1e9c454"
            },
            "dist": {
                "type": "zip",
                "url": "https://api.github.com/repos/tuupola/http-factory/zipball/ae3f8fbdd31cf2f1bbe920b38963c5e4d1e9c454",
                "reference": "ae3f8fbdd31cf2f1bbe920b38963c5e4d1e9c454",
                "shasum": ""
            },
            "require": {
                "php": "^7.1|^8.0",
                "psr/http-factory": "^1.0"
            },
            "conflict": {
                "nyholm/psr7": "<1.0"
            },
            "provide": {
                "psr/http-factory-implementation": "^1.0"
            },
            "require-dev": {
                "http-interop/http-factory-tests": "^0.9.0",
                "overtrue/phplint": "^3.0",
                "phpunit/phpunit": "^7.0|^8.0|^9.0",
                "squizlabs/php_codesniffer": "^3.0"
            },
            "type": "library",
            "autoload": {
                "psr-4": {
                    "Tuupola\\Http\\Factory\\": "src"
                }
            },
            "notification-url": "https://packagist.org/downloads/",
            "license": [
                "MIT"
            ],
            "authors": [
                {
                    "name": "Mika Tuupola",
                    "email": "tuupola@appelsiini.net",
                    "homepage": "https://appelsiini.net/",
                    "role": "Developer"
                }
            ],
            "description": "Lightweight autodiscovering PSR-17 HTTP factories",
            "homepage": "https://github.com/tuupola/http-factory",
            "keywords": [
                "http",
                "psr-17",
                "psr-7"
            ],
            "support": {
                "issues": "https://github.com/tuupola/http-factory/issues",
                "source": "https://github.com/tuupola/http-factory/tree/1.4.0"
            },
            "funding": [
                {
                    "url": "https://github.com/tuupola",
                    "type": "github"
                }
            ],
            "time": "2021-09-14T12:46:25+00:00"
        }
    ],
    "packages-dev": [],
    "aliases": [],
    "minimum-stability": "stable",
    "stability-flags": [],
    "prefer-stable": false,
    "prefer-lowest": false,
    "platform": [],
    "platform-dev": [],
    "plugin-api-version": "2.6.0"
}
